
Microsoft Visual Studio Solution File, Format Version 12.00
# Visual Studio Version 16
VisualStudioVersion = 16.0.31004.235
MinimumVisualStudioVersion = 10.0.40219.1
Project("{FAE04EC0-301F-11D3-BF4B-00C04F79EFBC}") = "ProceduralLevelGeneration", "ProceduralLevelGeneration.csproj", "{0CA9B67A-435A-4FB4-B992-2F8090CDED8E}"
EndProject
Global
	GlobalSection(SolutionConfigurationPlatforms) = preSolution
		Debug|Any CPU = Debug|Any CPU
		Release|Any CPU = Release|Any CPU
	EndGlobalSection
	GlobalSection(ProjectConfigurationPlatforms) = postSolution
		{0CA9B67A-435A-4FB4-B992-2F8090CDED8E}.Debug|Any CPU.ActiveCfg = Debug|Any CPU
		{0CA9B67A-435A-4FB4-B992-2F8090CDED8E}.Debug|Any CPU.Build.0 = Debug|Any CPU
		{0CA9B67A-435A-4FB4-B992-2F8090CDED8E}.Release|Any CPU.ActiveCfg = Release|Any CPU
		{0CA9B67A-435A-4FB4-B992-2F8090CDED8E}.Release|Any CPU.Build.0 = Release|Any CPU
	EndGlobalSection
	GlobalSection(SolutionProperties) = preSolution
		HideSolutionNode = FALSE
	EndGlobalSection
	GlobalSection(ExtensibilityGlobals) = postSolution
		SolutionGuid = {91BD9FCC-3E2C-4235-AE1B-F3A13CD66AEC}
	EndGlobalSection
EndGlobal
